
Microsoft Visual Studio Solution File, Format Version 12.00
# Visual Studio Version 16
VisualStudioVersion = 16.0.30011.22
MinimumVisualStudioVersion = 10.0.40219.1
Project("{FAE04EC0-301F-11D3-BF4B-00C04F79EFBC}") = "SwaggerApi", "SwaggerApi\SwaggerApi.csproj", "{D058C472-F04B-4606-BAD5-3D1E7FB20766}"
EndProject
Project("{FAE04EC0-301F-11D3-BF4B-00C04F79EFBC}") = "SwaggerApi.Tests", "SwaggerApi.Tests\SwaggerApi.Tests.csproj", "{6123819A-5A9E-443A-B923-6759EB2AB56E}"
EndProject
Project("{FAE04EC0-301F-11D3-BF4B-00C04F79EFBC}") = "SwaggerApi.Consumer", "SwaggerApi.Consumer\SwaggerApi.Consumer.csproj", "{11A3FD74-6E95-4ADB-9E6D-211A57494BDD}"
EndProject
Project("{FAE04EC0-301F-11D3-BF4B-00C04F79EFBC}") = "IO.Swagger", "IO.Swagger\IO.Swagger.csproj", "{C108D25D-2AE1-4CF3-8C7B-4FCC3CFB37BE}"
EndProject
Global
	GlobalSection(SolutionConfigurationPlatforms) = preSolution
		Debug|Any CPU = Debug|Any CPU
		Release|Any CPU = Release|Any CPU
	EndGlobalSection
	GlobalSection(ProjectConfigurationPlatforms) = postSolution
		{D058C472-F04B-4606-BAD5-3D1E7FB20766}.Debug|Any CPU.ActiveCfg = Debug|Any CPU
		{D058C472-F04B-4606-BAD5-3D1E7FB20766}.Debug|Any CPU.Build.0 = Debug|Any CPU
		{D058C472-F04B-4606-BAD5-3D1E7FB20766}.Release|Any CPU.ActiveCfg = Release|Any CPU
		{D058C472-F04B-4606-BAD5-3D1E7FB20766}.Release|Any CPU.Build.0 = Release|Any CPU
		{6123819A-5A9E-443A-B923-6759EB2AB56E}.Debug|Any CPU.ActiveCfg = Debug|Any CPU
		{6123819A-5A9E-443A-B923-6759EB2AB56E}.Debug|Any CPU.Build.0 = Debug|Any CPU
		{6123819A-5A9E-443A-B923-6759EB2AB56E}.Release|Any CPU.ActiveCfg = Release|Any CPU
		{6123819A-5A9E-443A-B923-6759EB2AB56E}.Release|Any CPU.Build.0 = Release|Any CPU
		{11A3FD74-6E95-4ADB-9E6D-211A57494BDD}.Debug|Any CPU.ActiveCfg = Debug|Any CPU
		{11A3FD74-6E95-4ADB-9E6D-211A57494BDD}.Debug|Any CPU.Build.0 = Debug|Any CPU
		{11A3FD74-6E95-4ADB-9E6D-211A57494BDD}.Release|Any CPU.ActiveCfg = Release|Any CPU
		{11A3FD74-6E95-4ADB-9E6D-211A57494BDD}.Release|Any CPU.Build.0 = Release|Any CPU
		{C108D25D-2AE1-4CF3-8C7B-4FCC3CFB37BE}.Debug|Any CPU.ActiveCfg = Debug|Any CPU
		{C108D25D-2AE1-4CF3-8C7B-4FCC3CFB37BE}.Debug|Any CPU.Build.0 = Debug|Any CPU
		{C108D25D-2AE1-4CF3-8C7B-4FCC3CFB37BE}.Release|Any CPU.ActiveCfg = Release|Any CPU
		{C108D25D-2AE1-4CF3-8C7B-4FCC3CFB37BE}.Release|Any CPU.Build.0 = Release|Any CPU
	EndGlobalSection
	GlobalSection(SolutionProperties) = preSolution
		HideSolutionNode = FALSE
	EndGlobalSection
	GlobalSection(ExtensibilityGlobals) = postSolution
		SolutionGuid = {8A5C0E44-03D3-47B0-9647-015911A40A64}
	EndGlobalSection
EndGlobal
